// !$*UTF8*$!
{
	archiveVersion = 1;
	classes = {
	};
	objectVersion = 50;
	objects = {

/* Begin PBXBuildFile section */
		8489805F2276E71D0036A3DF /* AppDelegate.swift in Sources */ = {isa = PBXBuildFile; fileRef = 8489805E2276E71D0036A3DF /* AppDelegate.swift */; };
		848980612276E71D0036A3DF /* MainVC.swift in Sources */ = {isa = PBXBuildFile; fileRef = 848980602276E71D0036A3DF /* MainVC.swift */; };
		848980662276E71E0036A3DF /* Assets.xcassets in Resources */ = {isa = PBXBuildFile; fileRef = 848980652276E71E0036A3DF /* Assets.xcassets */; };
		848980692276E71E0036A3DF /* LaunchScreen.storyboard in Resources */ = {isa = PBXBuildFile; fileRef = 848980672276E71E0036A3DF /* LaunchScreen.storyboard */; };
		848980762276EDB00036A3DF /* Utilities.swift in Sources */ = {isa = PBXBuildFile; fileRef = 848980752276EDB00036A3DF /* Utilities.swift */; };
		848980782276EE5C0036A3DF /* CellData.swift in Sources */ = {isa = PBXBuildFile; fileRef = 848980772276EE5C0036A3DF /* CellData.swift */; };
		8489807A2276EEAE0036A3DF /* Services.swift in Sources */ = {isa = PBXBuildFile; fileRef = 848980792276EEAE0036A3DF /* Services.swift */; };
		8489807C2276F0EB0036A3DF /* DataTableViewCell.swift in Sources */ = {isa = PBXBuildFile; fileRef = 8489807B2276F0EB0036A3DF /* DataTableViewCell.swift */; };
		A3DF8793CAD73A02A5533336 /* Pods_IOS_Test.framework in Frameworks */ = {isa = PBXBuildFile; fileRef = 3FACD3AEC6AF94720787BEFC /* Pods_IOS_Test.framework */; };
/* End PBXBuildFile section */

/* Begin PBXFileReference section */
		23BF25D8F575A87B0316E376 /* Pods-IOS_Test.release.xcconfig */ = {isa = PBXFileReference; includeInIndex = 1; lastKnownFileType = text.xcconfig; name = "Pods-IOS_Test.release.xcconfig"; path = "Target Support Files/Pods-IOS_Test/Pods-IOS_Test.release.xcconfig"; sourceTree = "<group>"; };
		3FACD3AEC6AF94720787BEFC /* Pods_IOS_Test.framework */ = {isa = PBXFileReference; explicitFileType = wrapper.framework; includeInIndex = 0; path = Pods_IOS_Test.framework; sourceTree = BUILT_PRODUCTS_DIR; };
		6E410B0995EFE59F7C69BEBA /* Pods-IOS_Test.debug.xcconfig */ = {isa = PBXFileReference; includeInIndex = 1; lastKnownFileType = text.xcconfig; name = "Pods-IOS_Test.debug.xcconfig"; path = "Target Support Files/Pods-IOS_Test/Pods-IOS_Test.debug.xcconfig"; sourceTree = "<group>"; };
		8489805B2276E71D0036A3DF /* IOS_Test.app */ = {isa = PBXFileReference; explicitFileType = wrapper.application; includeInIndex = 0; path = IOS_Test.app; sourceTree = BUILT_PRODUCTS_DIR; };
		8489805E2276E71D0036A3DF /* AppDelegate.swift */ = {isa = PBXFileReference; lastKnownFileType = sourcecode.swift; path = AppDelegate.swift; sourceTree = "<group>"; };
		848980602276E71D0036A3DF /* MainVC.swift */ = {isa = PBXFileReference; lastKnownFileType = sourcecode.swift; path = MainVC.swift; sourceTree = "<group>"; };
		848980652276E71E0036A3DF /* Assets.xcassets */ = {isa = PBXFileReference; lastKnownFileType = folder.assetcatalog; path = Assets.xcassets; sourceTree = "<group>"; };
		848980682276E71E0036A3DF /* Base */ = {isa = PBXFileReference; lastKnownFileType = file.storyboard; name = Base; path = Base.lproj/LaunchScreen.storyboard; sourceTree = "<group>"; };
		8489806A2276E71E0036A3DF /* Info.plist */ = {isa = PBXFileReference; lastKnownFileType = text.plist.xml; path = Info.plist; sourceTree = "<group>"; };
		848980752276EDB00036A3DF /* Utilities.swift */ = {isa = PBXFileReference; lastKnownFileType = sourcecode.swift; path = Utilities.swift; sourceTree = "<group>"; };
		848980772276EE5C0036A3DF /* CellData.swift */ = {isa = PBXFileReference; lastKnownFileType = sourcecode.swift; path = CellData.swift; sourceTree = "<group>"; };
		848980792276EEAE0036A3DF /* Services.swift */ = {isa = PBXFileReference; lastKnownFileType = sourcecode.swift; path = Services.swift; sourceTree = "<group>"; };
		8489807B2276F0EB0036A3DF /* DataTableViewCell.swift */ = {isa = PBXFileReference; lastKnownFileType = sourcecode.swift; path = DataTableViewCell.swift; sourceTree = "<group>"; };
/* End PBXFileReference section */

/* Begin PBXFrameworksBuildPhase section */
		848980582276E71D0036A3DF /* Frameworks */ = {
			isa = PBXFrameworksBuildPhase;
			buildActionMask = 2147483647;
			files = (
				A3DF8793CAD73A02A5533336 /* Pods_IOS_Test.framework in Frameworks */,
			);
			runOnlyForDeploymentPostprocessing = 0;
		};
/* End PBXFrameworksBuildPhase section */

/* Begin PBXGroup section */
		188BFF2FC1820A581EE408A9 /* Frameworks */ = {
			isa = PBXGroup;
			children = (
				3FACD3AEC6AF94720787BEFC /* Pods_IOS_Test.framework */,
			);
			name = Frameworks;
			sourceTree = "<group>";
		};
		1AE0E947CD98102822439C02 /* Pods */ = {
			isa = PBXGroup;
			children = (
				6E410B0995EFE59F7C69BEBA /* Pods-IOS_Test.debug.xcconfig */,
				23BF25D8F575A87B0316E376 /* Pods-IOS_Test.release.xcconfig */,
			);
			path = Pods;
			sourceTree = "<group>";
		};
		848980522276E71D0036A3DF = {
			isa = PBXGroup;
			children = (
				8489805D2276E71D0036A3DF /* IOS_Test */,
				8489805C2276E71D0036A3DF /* Products */,
				1AE0E947CD98102822439C02 /* Pods */,
				188BFF2FC1820A581EE408A9 /* Frameworks */,
			);
			sourceTree = "<group>";
		};
		8489805C2276E71D0036A3DF /* Products */ = {
			isa = PBXGroup;
			children = (
				8489805B2276E71D0036A3DF /* IOS_Test.app */,
			);
			name = Products;
			sourceTree = "<group>";
		};
		8489805D2276E71D0036A3DF /* IOS_Test */ = {
			isa = PBXGroup;
			children = (
				848980742276ED7A0036A3DF /* Model */,
				848980732276ED740036A3DF /* View */,
				848980722276ED6C0036A3DF /* Controller */,
				8489805E2276E71D0036A3DF /* AppDelegate.swift */,
				8489806A2276E71E0036A3DF /* Info.plist */,
			);
			path = IOS_Test;
			sourceTree = "<group>";
		};
		848980722276ED6C0036A3DF /* Controller */ = {
			isa = PBXGroup;
			children = (
				848980602276E71D0036A3DF /* MainVC.swift */,
			);
			path = Controller;
			sourceTree = "<group>";
		};
		848980732276ED740036A3DF /* View */ = {
			isa = PBXGroup;
			children = (
				8489807D2276FDDE0036A3DF /* Cell */,
				848980652276E71E0036A3DF /* Assets.xcassets */,
				848980672276E71E0036A3DF /* LaunchScreen.storyboard */,
			);
			path = View;
			sourceTree = "<group>";
		};
		848980742276ED7A0036A3DF /* Model */ = {
			isa = PBXGroup;
			children = (
				848980752276EDB00036A3DF /* Utilities.swift */,
				848980772276EE5C0036A3DF /* CellData.swift */,
				848980792276EEAE0036A3DF /* Services.swift */,
			);
			path = Model;
			sourceTree = "<group>";
		};
		8489807D2276FDDE0036A3DF /* Cell */ = {
			isa = PBXGroup;
			children = (
				8489807B2276F0EB0036A3DF /* DataTableViewCell.swift */,
			);
			path = Cell;
			sourceTree = "<group>";
		};
/* End PBXGroup section */

/* Begin PBXNativeTarget section */
		8489805A2276E71D0036A3DF /* IOS_Test */ = {
			isa = PBXNativeTarget;
			buildConfigurationList = 8489806D2276E71E0036A3DF /* Build configuration list for PBXNativeTarget "IOS_Test" */;
			buildPhases = (
				D63E8F32DD45964A325FA35E /* [CP] Check Pods Manifest.lock */,
				848980572276E71D0036A3DF /* Sources */,
				848980582276E71D0036A3DF /* Frameworks */,
				848980592276E71D0036A3DF /* Resources */,
				5B75643DC08694EB41C72089 /* [CP] Embed Pods Frameworks */,
			);
			buildRules = (
			);
			dependencies = (
			);
			name = IOS_Test;
			productName = IOS_Test;
			productReference = 8489805B2276E71D0036A3DF /* IOS_Test.app */;
			productType = "com.apple.product-type.application";
		};
/* End PBXNativeTarget section */

/* Begin PBXProject section */
		848980532276E71D0036A3DF /* Project object */ = {
			isa = PBXProject;
			attributes = {
				LastSwiftUpdateCheck = 1010;
				LastUpgradeCheck = 1010;
				ORGANIZATIONNAME = AcknoTech;
				TargetAttributes = {
					8489805A2276E71D0036A3DF = {
						CreatedOnToolsVersion = 10.1;
					};
				};
			};
			buildConfigurationList = 848980562276E71D0036A3DF /* Build configuration list for PBXProject "IOS_Test" */;
			compatibilityVersion = "Xcode 9.3";
			developmentRegion = en;
			hasScannedForEncodings = 0;
			knownRegions = (
				en,
				Base,
			);
			mainGroup = 848980522276E71D0036A3DF;
			productRefGroup = 8489805C2276E71D0036A3DF /* Products */;
			projectDirPath = "";
			projectRoot = "";
			targets = (
				8489805A2276E71D0036A3DF /* IOS_Test */,
			);
		};
/* End PBXProject section */

/* Begin PBXResourcesBuildPhase section */
		848980592276E71D0036A3DF /* Resources */ = {
			isa = PBXResourcesBuildPhase;
			buildActionMask = 2147483647;
			files = (
				848980692276E71E0036A3DF /* LaunchScreen.storyboard in Resources */,
				848980662276E71E0036A3DF /* Assets.xcassets in Resources */,
			);
			runOnlyForDeploymentPostprocessing = 0;
		};
/* End PBXResourcesBuildPhase section */

/* Begin PBXShellScriptBuildPhase section */
		5B75643DC08694EB41C72089 /* [CP] Embed Pods Frameworks */ = {
			isa = PBXShellScriptBuildPhase;
			buildActionMask = 2147483647;
			files = (
			);
			inputFileListPaths = (
			);
			inputPaths = (
				"${PODS_ROOT}/Target Support Files/Pods-IOS_Test/Pods-IOS_Test-frameworks.sh",
				"${BUILT_PRODUCTS_DIR}/Alamofire/Alamofire.framework",
			);
			name = "[CP] Embed Pods Frameworks";
			outputFileListPaths = (
			);
			outputPaths = (
				"${TARGET_BUILD_DIR}/${FRAMEWORKS_FOLDER_PATH}/Alamofire.framework",
			);
			runOnlyForDeploymentPostprocessing = 0;
			shellPath = /bin/sh;
			shellScript = "\"${PODS_ROOT}/Target Support Files/Pods-IOS_Test/Pods-IOS_Test-frameworks.sh\"\n";
			showEnvVarsInLog = 0;
		};
		D63E8F32DD45964A325FA35E /* [CP] Check Pods Manifest.lock */ = {
			isa = PBXShellScriptBuildPhase;
			buildActionMask = 2147483647;
			files = (
			);
			inputFileListPaths = (
			);
			inputPaths = (
				"${PODS_PODFILE_DIR_PATH}/Podfile.lock",
				"${PODS_ROOT}/Manifest.lock",
			);
			name = "[CP] Check Pods Manifest.lock";
			outputFileListPaths = (
			);
			outputPaths = (
				"$(DERIVED_FILE_DIR)/Pods-IOS_Test-checkManifestLockResult.txt",
			);
			runOnlyForDeploymentPostprocessing = 0;
			shellPath = /bin/sh;
			shellScript = "diff \"${PODS_PODFILE_DIR_PATH}/Podfile.lock\" \"${PODS_ROOT}/Manifest.lock\" > /dev/null\nif [ $? != 0 ] ; then\n    # print error to STDERR\n    echo \"error: The sandbox is not in sync with the Podfile.lock. Run 'pod install' or update your CocoaPods installation.\" >&2\n    exit 1\nfi\n# This output is used by Xcode 'outputs' to avoid re-running this script phase.\necho \"SUCCESS\" > \"${SCRIPT_OUTPUT_FILE_0}\"\n";
			showEnvVarsInLog = 0;
		};
/* End PBXShellScriptBuildPhase section */

/* Begin PBXSourcesBuildPhase section */
		848980572276E71D0036A3DF /* Sources */ = {
			isa = PBXSourcesBuildPhase;
			buildActionMask = 2147483647;
			files = (
				8489807A2276EEAE0036A3DF /* Services.swift in Sources */,
				8489807C2276F0EB0036A3DF /* DataTableViewCell.swift in Sources */,
				848980762276EDB00036A3DF /* Utilities.swift in Sources */,
				848980612276E71D0036A3DF /* MainVC.swift in Sources */,
				8489805F2276E71D0036A3DF /* AppDelegate.swift in Sources */,
				848980782276EE5C0036A3DF /* CellData.swift in Sources */,
			);
			runOnlyForDeploymentPostprocessing = 0;
		};
/* End PBXSourcesBuildPhase section */

/* Begin PBXVariantGroup section */
		848980672276E71E0036A3DF /* LaunchScreen.storyboard */ = {
			isa = PBXVariantGroup;
			children = (
				848980682276E71E0036A3DF /* Base */,
			);
			name = LaunchScreen.storyboard;
			sourceTree = "<group>";
		};
/* End PBXVariantGroup section */

/* Begin XCBuildConfiguration section */
		8489806B2276E71E0036A3DF /* Debug */ = {
			isa = XCBuildConfiguration;
			buildSettings = {
				ALWAYS_SEARCH_USER_PATHS = NO;
				CLANG_ANALYZER_NONNULL = YES;
				CLANG_ANALYZER_NUMBER_OBJECT_CONVERSION = YES_AGGRESSIVE;
				CLANG_CXX_LANGUAGE_STANDARD = "gnu++14";
				CLANG_CXX_LIBRARY = "libc++";
				CLANG_ENABLE_MODULES = YES;
				CLANG_ENABLE_OBJC_ARC = YES;
				CLANG_ENABLE_OBJC_WEAK = YES;
				CLANG_WARN_BLOCK_CAPTURE_AUTORELEASING = YES;
				CLANG_WARN_BOOL_CONVERSION = YES;
				CLANG_WARN_COMMA = YES;
				CLANG_WARN_CONSTANT_CONVERSION = YES;
				CLANG_WARN_DEPRECATED_OBJC_IMPLEMENTATIONS = YES;
				CLANG_WARN_DIRECT_OBJC_ISA_USAGE = YES_ERROR;
				CLANG_WARN_DOCUMENTATION_COMMENTS = YES;
				CLANG_WARN_EMPTY_BODY = YES;
				CLANG_WARN_ENUM_CONVERSION = YES;
				CLANG_WARN_INFINITE_RECURSION = YES;
				CLANG_WARN_INT_CONVERSION = YES;
				CLANG_WARN_NON_LITERAL_NULL_CONVERSION = YES;
				CLANG_WARN_OBJC_IMPLICIT_RETAIN_SELF = YES;
				CLANG_WARN_OBJC_LITERAL_CONVERSION = YES;
				CLANG_WARN_OBJC_ROOT_CLASS = YES_ERROR;
				CLANG_WARN_RANGE_LOOP_ANALYSIS = YES;
				CLANG_WARN_STRICT_PROTOTYPES = YES;
				CLANG_WARN_SUSPICIOUS_MOVE = YES;
				CLANG_WARN_UNGUARDED_AVAILABILITY = YES_AGGRESSIVE;
				CLANG_WARN_UNREACHABLE_CODE = YES;
				CLANG_WARN__DUPLICATE_METHOD_MATCH = YES;
				CODE_SIGN_IDENTITY = "iPhone Developer";
				COPY_PHASE_STRIP = NO;
				DEBUG_INFORMATION_FORMAT = dwarf;
				ENABLE_STRICT_OBJC_MSGSEND = YES;
				ENABLE_TESTABILITY = YES;
				GCC_C_LANGUAGE_STANDARD = gnu11;
				GCC_DYNAMIC_NO_PIC = NO;
				GCC_NO_COMMON_BLOCKS = YES;
				GCC_OPTIMIZATION_LEVEL = 0;
				GCC_PREPROCESSOR_DEFINITIONS = (
					"DEBUG=1",
					"$(inherited)",
				);
				GCC_WARN_64_TO_32_BIT_CONVERSION = YES;
				GCC_WARN_ABOUT_RETURN_TYPE = YES_ERROR;
				GCC_WARN_UNDECLARED_SELECTOR = YES;
				GCC_WARN_UNINITIALIZED_AUTOS = YES_AGGRESSIVE;
				GCC_WARN_UNUSED_FUNCTION = YES;
				GCC_WARN_UNUSED_VARIABLE = YES;
				IPHONEOS_DEPLOYMENT_TARGET = 12.1;
				MTL_ENABLE_DEBUG_INFO = INCLUDE_SOURCE;
				MTL_FAST_MATH = YES;
				ONLY_ACTIVE_ARCH = YES;
				SDKROOT = iphoneos;
				SWIFT_ACTIVE_COMPILATION_CONDITIONS = DEBUG;
				SWIFT_OPTIMIZATION_LEVEL = "-Onone";
			};
			name = Debug;
		};
		8489806C2276E71E0036A3DF /* Release */ = {
			isa = XCBuildConfiguration;
			buildSettings = {
				ALWAYS_SEARCH_USER_PATHS = NO;
				CLANG_ANALYZER_NONNULL = YES;
				CLANG_ANALYZER_NUMBER_OBJECT_CONVERSION = YES_AGGRESSIVE;
				CLANG_CXX_LANGUAGE_STANDARD = "gnu++14";
				CLANG_CXX_LIBRARY = "libc++";
				CLANG_ENABLE_MODULES = YES;
				CLANG_ENABLE_OBJC_ARC = YES;
				CLANG_ENABLE_OBJC_WEAK = YES;
				CLANG_WARN_BLOCK_CAPTURE_AUTORELEASING = YES;
				CLANG_WARN_BOOL_CONVERSION = YES;
				CLANG_WARN_COMMA = YES;
				CLANG_WARN_CONSTANT_CONVERSION = YES;
				CLANG_WARN_DEPRECATED_OBJC_IMPLEMENTATIONS = YES;
				CLANG_WARN_DIRECT_OBJC_ISA_USAGE = YES_ERROR;
				CLANG_WARN_DOCUMENTATION_COMMENTS = YES;
				CLANG_WARN_EMPTY_BODY = YES;
				CLANG_WARN_ENUM_CONVERSION = YES;
				CLANG_WARN_INFINITE_RECURSION = YES;
				CLANG_WARN_INT_CONVERSION = YES;
				CLANG_WARN_NON_LITERAL_NULL_CONVERSION = YES;
				CLANG_WARN_OBJC_IMPLICIT_RETAIN_SELF = YES;
				CLANG_WARN_OBJC_LITERAL_CONVERSION = YES;
				CLANG_WARN_OBJC_ROOT_CLASS = YES_ERROR;
				CLANG_WARN_RANGE_LOOP_ANALYSIS = YES;
				CLANG_WARN_STRICT_PROTOTYPES = YES;
				CLANG_WARN_SUSPICIOUS_MOVE = YES;
				CLANG_WARN_UNGUARDED_AVAILABILITY = YES_AGGRESSIVE;
				CLANG_WARN_UNREACHABLE_CODE = YES;
				CLANG_WARN__DUPLICATE_METHOD_MATCH = YES;
				CODE_SIGN_IDENTITY = "iPhone Developer";
				COPY_PHASE_STRIP = NO;
				DEBUG_INFORMATION_FORMAT = "dwarf-with-dsym";
				ENABLE_NS_ASSERTIONS = NO;
				ENABLE_STRICT_OBJC_MSGSEND = YES;
				GCC_C_LANGUAGE_STANDARD = gnu11;
				GCC_NO_COMMON_BLOCKS = YES;
				GCC_WARN_64_TO_32_BIT_CONVERSION = YES;
				GCC_WARN_ABOUT_RETURN_TYPE = YES_ERROR;
				GCC_WARN_UNDECLARED_SELECTOR = YES;
				GCC_WARN_UNINITIALIZED_AUTOS = YES_AGGRESSIVE;
				GCC_WARN_UNUSED_FUNCTION = YES;
				GCC_WARN_UNUSED_VARIABLE = YES;
				IPHONEOS_DEPLOYMENT_TARGET = 12.1;
				MTL_ENABLE_DEBUG_INFO = NO;
				MTL_FAST_MATH = YES;
				SDKROOT = iphoneos;
				SWIFT_COMPILATION_MODE = wholemodule;
				SWIFT_OPTIMIZATION_LEVEL = "-O";
				VALIDATE_PRODUCT = YES;
			};
			name = Release;
		};
		8489806E2276E71E0036A3DF /* Debug */ = {
			isa = XCBuildConfiguration;
			baseConfigurationReference = 6E410B0995EFE59F7C69BEBA /* Pods-IOS_Test.debug.xcconfig */;
			buildSettings = {
				ASSETCATALOG_COMPILER_APPICON_NAME = AppIcon;
				CODE_SIGN_STYLE = Automatic;
				DEVELOPMENT_TEAM = 4WQ87WW69X;
				INFOPLIST_FILE = IOS_Test/Info.plist;
				LD_RUNPATH_SEARCH_PATHS = (
					"$(inherited)",
					"@executable_path/Frameworks",
				);
				PRODUCT_BUNDLE_IDENTIFIER = "com.AcknoTechRealMilkProject.IOS-Test";
				PRODUCT_NAME = "$(TARGET_NAME)";
				SWIFT_VERSION = 4.2;
				TARGETED_DEVICE_FAMILY = "1,2";
			};
			name = Debug;
		};
		8489806F2276E71E0036A3DF /* Release */ = {
			isa = XCBuildConfiguration;
			baseConfigurationReference = 23BF25D8F575A87B0316E376 /* Pods-IOS_Test.release.xcconfig */;
			buildSettings = {
				ASSETCATALOG_COMPILER_APPICON_NAME = AppIcon;
				CODE_SIGN_STYLE = Automatic;
				DEVELOPMENT_TEAM = 4WQ87WW69X;
				INFOPLIST_FILE = IOS_Test/Info.plist;
				LD_RUNPATH_SEARCH_PATHS = (
					"$(inherited)",
					"@executable_path/Frameworks",
				);
				PRODUCT_BUNDLE_IDENTIFIER = "com.AcknoTechRealMilkProject.IOS-Test";
				PRODUCT_NAME = "$(TARGET_NAME)";
				SWIFT_VERSION = 4.2;
				TARGETED_DEVICE_FAMILY = "1,2";
			};
			name = Release;
		};
/* End XCBuildConfiguration section */

/* Begin XCConfigurationList section */
		848980562276E71D0036A3DF /* Build configuration list for PBXProject "IOS_Test" */ = {
			isa = XCConfigurationList;
			buildConfigurations = (
				8489806B2276E71E0036A3DF /* Debug */,
				8489806C2276E71E0036A3DF /* Release */,
			);
			defaultConfigurationIsVisible = 0;
			defaultConfigurationName = Release;
		};
		8489806D2276E71E0036A3DF /* Build configuration list for PBXNativeTarget "IOS_Test" */ = {
			isa = XCConfigurationList;
			buildConfigurations = (
				8489806E2276E71E0036A3DF /* Debug */,
				8489806F2276E71E0036A3DF /* Release */,
			);
			defaultConfigurationIsVisible = 0;
			defaultConfigurationName = Release;
		};
/* End XCConfigurationList section */
	};
	rootObject = 848980532276E71D0036A3DF /* Project object */;
}
